
Microsoft Visual Studio Solution File, Format Version 12.00
# Visual Studio Version 17
VisualStudioVersion = 17.2.32526.322
MinimumVisualStudioVersion = 10.0.40219.1
Project("{FAE04EC0-301F-11D3-BF4B-00C04F79EFBC}") = "Giris", "Giris\Giris.csproj", "{911442D9-D03D-42CB-A5EA-5945CE264AC0}"
EndProject
Global
	GlobalSection(SolutionConfigurationPlatforms) = preSolution
		Debug|Any CPU = Debug|Any CPU
		Release|Any CPU = Release|Any CPU
	EndGlobalSection
	GlobalSection(ProjectConfigurationPlatforms) = postSolution
		{911442D9-D03D-42CB-A5EA-5945CE264AC0}.Debug|Any CPU.ActiveCfg = Debug|Any CPU
		{911442D9-D03D-42CB-A5EA-5945CE264AC0}.Debug|Any CPU.Build.0 = Debug|Any CPU
		{911442D9-D03D-42CB-A5EA-5945CE264AC0}.Release|Any CPU.ActiveCfg = Release|Any CPU
		{911442D9-D03D-42CB-A5EA-5945CE264AC0}.Release|Any CPU.Build.0 = Release|Any CPU
	EndGlobalSection
	GlobalSection(SolutionProperties) = preSolution
		HideSolutionNode = FALSE
	EndGlobalSection
	GlobalSection(ExtensibilityGlobals) = postSolution
		SolutionGuid = {0C53B1DE-5914-4553-9B2C-46ADA4D3FA80}
	EndGlobalSection
EndGlobal
