
Microsoft Visual Studio Solution File, Format Version 12.00
# Visual Studio Version 17
VisualStudioVersion = 17.2.32526.322
MinimumVisualStudioVersion = 10.0.40219.1
Project("{9A19103F-16F7-4668-BE54-9A1E7A4F7556}") = "Giris", "Giris\Giris.csproj", "{911442D9-D03D-42CB-A5EA-5945CE264AC0}"
EndProject
Project("{9A19103F-16F7-4668-BE54-9A1E7A4F7556}") = "2_View", "2_View\2_View.csproj", "{216694B5-547C-44A8-8C4B-9D20075FFABA}"
EndProject
Project("{9A19103F-16F7-4668-BE54-9A1E7A4F7556}") = "3_Layout_View", "3_Layout_View\3_Layout_View.csproj", "{4D62E903-8A98-48C3-9B51-CC41ABFCF5FD}"
EndProject
Project("{9A19103F-16F7-4668-BE54-9A1E7A4F7556}") = "4_Model", "4_Model\4_Model.csproj", "{AA64F0CC-0782-4725-9AF2-AF8C7B52B57E}"
EndProject
Project("{9A19103F-16F7-4668-BE54-9A1E7A4F7556}") = "5_WebLifeCycle", "5_WebLifeCycle\5_WebLifeCycle.csproj", "{27D364DE-0C84-4BEA-8DEE-912D88F5A3FA}"
EndProject
Project("{9A19103F-16F7-4668-BE54-9A1E7A4F7556}") = "6_AspNetCore_LifreCycle_Basic", "6_AspNetCore_LifreCycle_Basic\6_AspNetCore_LifreCycle_Basic.csproj", "{E394F786-7780-42AE-93BF-70E72382BAF1}"
EndProject
Project("{9A19103F-16F7-4668-BE54-9A1E7A4F7556}") = "6_AspNetCoreBasic", "6_AspNetCoreBasic\6_AspNetCoreBasic.csproj", "{91902817-41F6-482E-A8E2-7D8890C0ACBA}"
EndProject
Project("{FAE04EC0-301F-11D3-BF4B-00C04F79EFBC}") = "7_ViewComponents", "7_ViewComponents\7_ViewComponents.csproj", "{5B21190E-5B26-4DF2-B1D1-5E5ABD5E87A7}"
EndProject
Global
	GlobalSection(SolutionConfigurationPlatforms) = preSolution
		Debug|Any CPU = Debug|Any CPU
		Release|Any CPU = Release|Any CPU
	EndGlobalSection
	GlobalSection(ProjectConfigurationPlatforms) = postSolution
		{911442D9-D03D-42CB-A5EA-5945CE264AC0}.Debug|Any CPU.ActiveCfg = Debug|Any CPU
		{911442D9-D03D-42CB-A5EA-5945CE264AC0}.Debug|Any CPU.Build.0 = Debug|Any CPU
		{911442D9-D03D-42CB-A5EA-5945CE264AC0}.Release|Any CPU.ActiveCfg = Release|Any CPU
		{911442D9-D03D-42CB-A5EA-5945CE264AC0}.Release|Any CPU.Build.0 = Release|Any CPU
		{216694B5-547C-44A8-8C4B-9D20075FFABA}.Debug|Any CPU.ActiveCfg = Debug|Any CPU
		{216694B5-547C-44A8-8C4B-9D20075FFABA}.Debug|Any CPU.Build.0 = Debug|Any CPU
		{216694B5-547C-44A8-8C4B-9D20075FFABA}.Release|Any CPU.ActiveCfg = Release|Any CPU
		{216694B5-547C-44A8-8C4B-9D20075FFABA}.Release|Any CPU.Build.0 = Release|Any CPU
		{4D62E903-8A98-48C3-9B51-CC41ABFCF5FD}.Debug|Any CPU.ActiveCfg = Debug|Any CPU
		{4D62E903-8A98-48C3-9B51-CC41ABFCF5FD}.Debug|Any CPU.Build.0 = Debug|Any CPU
		{4D62E903-8A98-48C3-9B51-CC41ABFCF5FD}.Release|Any CPU.ActiveCfg = Release|Any CPU
		{4D62E903-8A98-48C3-9B51-CC41ABFCF5FD}.Release|Any CPU.Build.0 = Release|Any CPU
		{AA64F0CC-0782-4725-9AF2-AF8C7B52B57E}.Debug|Any CPU.ActiveCfg = Debug|Any CPU
		{AA64F0CC-0782-4725-9AF2-AF8C7B52B57E}.Debug|Any CPU.Build.0 = Debug|Any CPU
		{AA64F0CC-0782-4725-9AF2-AF8C7B52B57E}.Release|Any CPU.ActiveCfg = Release|Any CPU
		{AA64F0CC-0782-4725-9AF2-AF8C7B52B57E}.Release|Any CPU.Build.0 = Release|Any CPU
		{27D364DE-0C84-4BEA-8DEE-912D88F5A3FA}.Debug|Any CPU.ActiveCfg = Debug|Any CPU
		{27D364DE-0C84-4BEA-8DEE-912D88F5A3FA}.Debug|Any CPU.Build.0 = Debug|Any CPU
		{27D364DE-0C84-4BEA-8DEE-912D88F5A3FA}.Release|Any CPU.ActiveCfg = Release|Any CPU
		{27D364DE-0C84-4BEA-8DEE-912D88F5A3FA}.Release|Any CPU.Build.0 = Release|Any CPU
		{E394F786-7780-42AE-93BF-70E72382BAF1}.Debug|Any CPU.ActiveCfg = Debug|Any CPU
		{E394F786-7780-42AE-93BF-70E72382BAF1}.Debug|Any CPU.Build.0 = Debug|Any CPU
		{E394F786-7780-42AE-93BF-70E72382BAF1}.Release|Any CPU.ActiveCfg = Release|Any CPU
		{E394F786-7780-42AE-93BF-70E72382BAF1}.Release|Any CPU.Build.0 = Release|Any CPU
		{91902817-41F6-482E-A8E2-7D8890C0ACBA}.Debug|Any CPU.ActiveCfg = Debug|Any CPU
		{91902817-41F6-482E-A8E2-7D8890C0ACBA}.Debug|Any CPU.Build.0 = Debug|Any CPU
		{91902817-41F6-482E-A8E2-7D8890C0ACBA}.Release|Any CPU.ActiveCfg = Release|Any CPU
		{91902817-41F6-482E-A8E2-7D8890C0ACBA}.Release|Any CPU.Build.0 = Release|Any CPU
		{5B21190E-5B26-4DF2-B1D1-5E5ABD5E87A7}.Debug|Any CPU.ActiveCfg = Debug|Any CPU
		{5B21190E-5B26-4DF2-B1D1-5E5ABD5E87A7}.Debug|Any CPU.Build.0 = Debug|Any CPU
		{5B21190E-5B26-4DF2-B1D1-5E5ABD5E87A7}.Release|Any CPU.ActiveCfg = Release|Any CPU
		{5B21190E-5B26-4DF2-B1D1-5E5ABD5E87A7}.Release|Any CPU.Build.0 = Release|Any CPU
	EndGlobalSection
	GlobalSection(SolutionProperties) = preSolution
		HideSolutionNode = FALSE
	EndGlobalSection
	GlobalSection(ExtensibilityGlobals) = postSolution
		SolutionGuid = {0C53B1DE-5914-4553-9B2C-46ADA4D3FA80}
	EndGlobalSection
EndGlobal
